
Microsoft Visual Studio Solution File, Format Version 12.00
# Visual Studio 15
VisualStudioVersion = 15.0.27130.2010
MinimumVisualStudioVersion = 10.0.40219.1
Project("{FAE04EC0-301F-11D3-BF4B-00C04F79EFBC}") = "AprendeSQL", "AprendeSQL\AprendeSQL.csproj", "{F0963657-DD19-49A3-950C-2258704C0605}"
EndProject
Global
	GlobalSection(SolutionConfigurationPlatforms) = preSolution
		Debug|Any CPU = Debug|Any CPU
		Release|Any CPU = Release|Any CPU
	EndGlobalSection
	GlobalSection(ProjectConfigurationPlatforms) = postSolution
		{F0963657-DD19-49A3-950C-2258704C0605}.Debug|Any CPU.ActiveCfg = Debug|Any CPU
		{F0963657-DD19-49A3-950C-2258704C0605}.Debug|Any CPU.Build.0 = Debug|Any CPU
		{F0963657-DD19-49A3-950C-2258704C0605}.Release|Any CPU.ActiveCfg = Release|Any CPU
		{F0963657-DD19-49A3-950C-2258704C0605}.Release|Any CPU.Build.0 = Release|Any CPU
	EndGlobalSection
	GlobalSection(SolutionProperties) = preSolution
		HideSolutionNode = FALSE
	EndGlobalSection
	GlobalSection(ExtensibilityGlobals) = postSolution
		SolutionGuid = {C4469621-1DC8-4E4D-83FE-F3D44EE17762}
	EndGlobalSection
EndGlobal
